# This file is automatically @generated by Poetry 1.6.1 and should not be changed by hand.

[[package]]
name = "maturin"
version = "1.3.0"
description = "Build and publish crates with pyo3, rust-cpython and cffi bindings as well as rust binaries as python packages"
optional = false
python-versions = ">=3.7"
files = [
    {file = "maturin-1.3.0-py3-none-linux_armv6l.whl", hash = "sha256:dcc292547986fa93254b07d6d9f01a417b46a3fa55d5c45db65e71b285922f26"},
    {file = "maturin-1.3.0-py3-none-macosx_10_7_x86_64.whl", hash = "sha256:d612878b75bb60946a45e9534bfd9e759e84d68cc6afe8d46c572d0c3b17bb4e"},
    {file = "maturin-1.3.0-py3-none-macosx_10_9_x86_64.macosx_11_0_arm64.macosx_10_9_universal2.whl", hash = "sha256:f319b89025632099b197a686251f25def39f982f44474b8ba66c6d5f7e6abcde"},
    {file = "maturin-1.3.0-py3-none-manylinux_2_12_i686.manylinux2010_i686.musllinux_1_1_i686.whl", hash = "sha256:f2dfe86b37f7747712f3a910e3321e955efabe2c0e1de19563cea8d05bbee5b6"},
    {file = "maturin-1.3.0-py3-none-manylinux_2_12_x86_64.manylinux2010_x86_64.musllinux_1_1_x86_64.whl", hash = "sha256:2686f747980c9ef4a278542b209504b03c7576487b13b9655a6cbd40f3b98a73"},
    {file = "maturin-1.3.0-py3-none-manylinux_2_17_aarch64.manylinux2014_aarch64.musllinux_1_1_aarch64.whl", hash = "sha256:91ab057ae8d8992ad3a4312e8f379cbe1a8a3289f7d2a58969407e94355bfccc"},
    {file = "maturin-1.3.0-py3-none-manylinux_2_17_armv7l.manylinux2014_armv7l.musllinux_1_1_armv7l.whl", hash = "sha256:05639678b78a0df1abb4542925ee3eb5fc91ff3846878d584db8c7a6dbf2f54f"},
    {file = "maturin-1.3.0-py3-none-manylinux_2_17_ppc64le.manylinux2014_ppc64le.musllinux_1_1_ppc64le.whl", hash = "sha256:416b0a48b8785555c5060d6fec97f69545c92ffe24df074c8a716d83fa8ab66b"},
    {file = "maturin-1.3.0-py3-none-manylinux_2_17_s390x.manylinux2014_s390x.whl", hash = "sha256:329820228baa9158d69c8e36e2fd3d7df3163a66df8ae739caa6cb5289955646"},
    {file = "maturin-1.3.0-py3-none-win32.whl", hash = "sha256:1b6b3a4d28c168a7a4773a406effb71c6245400e3d1fb08db3ebc5706669c706"},
    {file = "maturin-1.3.0-py3-none-win_amd64.whl", hash = "sha256:84d9136cd241868a8c57116f6bc20e4560b70e96c60fefc3bcbc7ad15dbb7eb7"},
    {file = "maturin-1.3.0-py3-none-win_arm64.whl", hash = "sha256:777bd6b5a6b6fdafcef69168c3938f35efba6e8ca3e7657940dfca4fa077920f"},
    {file = "maturin-1.3.0.tar.gz", hash = "sha256:f6c69bc7ae147a5effd55587447b35cab1ceb726ba244d08698bc7518b8688ac"},
]

[package.extras]
patchelf = ["patchelf"]
zig = ["ziglang (>=0.10.0,<0.11.0)"]

[metadata]
lock-version = "2.0"
python-versions = "^3.11"
content-hash = "9a77f2f032f0b6537d4b8971cbfc3bf8ebad0911352c57e64a98a5f73c774c52"
